
Microsoft Visual Studio Solution File, Format Version 12.00
# Visual Studio Version 17
VisualStudioVersion = 17.7.34003.232
MinimumVisualStudioVersion = 10.0.40219.1
Project("{FAE04EC0-301F-11D3-BF4B-00C04F79EFBC}") = "RestFullAPI", "RestFullAPI\RestFullAPI.csproj", "{0431A26F-3568-437F-B432-2E5D6A1E579C}"
EndProject
Project("{FAE04EC0-301F-11D3-BF4B-00C04F79EFBC}") = "Contracts", "Contracts\Contracts.csproj", "{F3EC3560-75F1-43B6-8C96-6AA937E24D52}"
EndProject
Project("{FAE04EC0-301F-11D3-BF4B-00C04F79EFBC}") = "LoggerService", "LoggerService\LoggerService.csproj", "{53A37A09-36D0-47DA-8ABB-42EE752499A2}"
EndProject
Project("{FAE04EC0-301F-11D3-BF4B-00C04F79EFBC}") = "Entities", "Entities\Entities.csproj", "{C06144F7-AA7B-40A2-B4DA-4BDB2EF6B982}"
EndProject
Project("{FAE04EC0-301F-11D3-BF4B-00C04F79EFBC}") = "Repository", "Repository\Repository.csproj", "{CE913B7D-BB3B-4E7F-8150-AD22386F2438}"
EndProject
Global
	GlobalSection(SolutionConfigurationPlatforms) = preSolution
		Debug|Any CPU = Debug|Any CPU
		Release|Any CPU = Release|Any CPU
	EndGlobalSection
	GlobalSection(ProjectConfigurationPlatforms) = postSolution
		{0431A26F-3568-437F-B432-2E5D6A1E579C}.Debug|Any CPU.ActiveCfg = Debug|Any CPU
		{0431A26F-3568-437F-B432-2E5D6A1E579C}.Debug|Any CPU.Build.0 = Debug|Any CPU
		{0431A26F-3568-437F-B432-2E5D6A1E579C}.Release|Any CPU.ActiveCfg = Release|Any CPU
		{0431A26F-3568-437F-B432-2E5D6A1E579C}.Release|Any CPU.Build.0 = Release|Any CPU
		{F3EC3560-75F1-43B6-8C96-6AA937E24D52}.Debug|Any CPU.ActiveCfg = Debug|Any CPU
		{F3EC3560-75F1-43B6-8C96-6AA937E24D52}.Debug|Any CPU.Build.0 = Debug|Any CPU
		{F3EC3560-75F1-43B6-8C96-6AA937E24D52}.Release|Any CPU.ActiveCfg = Release|Any CPU
		{F3EC3560-75F1-43B6-8C96-6AA937E24D52}.Release|Any CPU.Build.0 = Release|Any CPU
		{53A37A09-36D0-47DA-8ABB-42EE752499A2}.Debug|Any CPU.ActiveCfg = Debug|Any CPU
		{53A37A09-36D0-47DA-8ABB-42EE752499A2}.Debug|Any CPU.Build.0 = Debug|Any CPU
		{53A37A09-36D0-47DA-8ABB-42EE752499A2}.Release|Any CPU.ActiveCfg = Release|Any CPU
		{53A37A09-36D0-47DA-8ABB-42EE752499A2}.Release|Any CPU.Build.0 = Release|Any CPU
		{C06144F7-AA7B-40A2-B4DA-4BDB2EF6B982}.Debug|Any CPU.ActiveCfg = Debug|Any CPU
		{C06144F7-AA7B-40A2-B4DA-4BDB2EF6B982}.Debug|Any CPU.Build.0 = Debug|Any CPU
		{C06144F7-AA7B-40A2-B4DA-4BDB2EF6B982}.Release|Any CPU.ActiveCfg = Release|Any CPU
		{C06144F7-AA7B-40A2-B4DA-4BDB2EF6B982}.Release|Any CPU.Build.0 = Release|Any CPU
		{CE913B7D-BB3B-4E7F-8150-AD22386F2438}.Debug|Any CPU.ActiveCfg = Debug|Any CPU
		{CE913B7D-BB3B-4E7F-8150-AD22386F2438}.Debug|Any CPU.Build.0 = Debug|Any CPU
		{CE913B7D-BB3B-4E7F-8150-AD22386F2438}.Release|Any CPU.ActiveCfg = Release|Any CPU
		{CE913B7D-BB3B-4E7F-8150-AD22386F2438}.Release|Any CPU.Build.0 = Release|Any CPU
	EndGlobalSection
	GlobalSection(SolutionProperties) = preSolution
		HideSolutionNode = FALSE
	EndGlobalSection
	GlobalSection(ExtensibilityGlobals) = postSolution
		SolutionGuid = {A1D11055-81BC-4D14-9658-1E81C61D80E9}
	EndGlobalSection
EndGlobal
